
Microsoft Visual Studio Solution File, Format Version 12.00
# Visual Studio Version 17
VisualStudioVersion = 17.7.34009.444
MinimumVisualStudioVersion = 10.0.40219.1
Project("{FAE04EC0-301F-11D3-BF4B-00C04F79EFBC}") = "Placa_App", "Placa_App\Placa_App.csproj", "{BDBCA43F-215F-42CC-84FF-CDC331F920E7}"
EndProject
Global
	GlobalSection(SolutionConfigurationPlatforms) = preSolution
		Debug|Any CPU = Debug|Any CPU
		Release|Any CPU = Release|Any CPU
	EndGlobalSection
	GlobalSection(ProjectConfigurationPlatforms) = postSolution
		{BDBCA43F-215F-42CC-84FF-CDC331F920E7}.Debug|Any CPU.ActiveCfg = Debug|Any CPU
		{BDBCA43F-215F-42CC-84FF-CDC331F920E7}.Debug|Any CPU.Build.0 = Debug|Any CPU
		{BDBCA43F-215F-42CC-84FF-CDC331F920E7}.Release|Any CPU.ActiveCfg = Release|Any CPU
		{BDBCA43F-215F-42CC-84FF-CDC331F920E7}.Release|Any CPU.Build.0 = Release|Any CPU
	EndGlobalSection
	GlobalSection(SolutionProperties) = preSolution
		HideSolutionNode = FALSE
	EndGlobalSection
	GlobalSection(ExtensibilityGlobals) = postSolution
		SolutionGuid = {D71E09BD-0797-4A64-A144-B7F8300386A9}
	EndGlobalSection
EndGlobal
